{
  "object": {
    "pins": [
      {
        "package": "LSCocoa",
        "repositoryURL": "https://github.com/dinogustinn/LSCocoa.git",
        "state": {
          "branch": "master",
          "revision": "fd1267be4472601351391c67d05765e1b5b4f834",
          "version": null
        }
      },
      {
        "package": "LSData",
        "repositoryURL": "https://github.com/dinogustinn/LSData.git",
        "state": {
          "branch": "master",
          "revision": "3889ac170db40a16f7ed7571af5e02acf016dabc",
          "version": null
        }
      }
    ]
  },
  "version": 1
}
